// !$*UTF8*$!
{
	archiveVersion = 1;
	classes = {
	};
	objectVersion = 55;
	objects = {

/* Begin PBXBuildFile section */
		C6FF06809FAD1A33070F71F1 /* Pods_RxMessageTests.framework in Frameworks */ = {isa = PBXBuildFile; fileRef = 06B0280BAA9EF1724F252A7A /* Pods_RxMessageTests.framework */; };
		CF4D6DC4846E67C8B279D7C2 /* Pods_RxMessage.framework in Frameworks */ = {isa = PBXBuildFile; fileRef = 0BAD022ABF944BC00EDB65D2 /* Pods_RxMessage.framework */; };
		EE3FA4932817BF11001C55CE /* Message.swift in Sources */ = {isa = PBXBuildFile; fileRef = EE3FA4922817BF11001C55CE /* Message.swift */; };
		EE3FA4952817CD1D001C55CE /* TextTableViewCell.swift in Sources */ = {isa = PBXBuildFile; fileRef = EE3FA4942817CD1D001C55CE /* TextTableViewCell.swift */; };
		EE3FA4972817D62E001C55CE /* ImageTableViewCell.swift in Sources */ = {isa = PBXBuildFile; fileRef = EE3FA4962817D62E001C55CE /* ImageTableViewCell.swift */; };
		EE3FA4992817EF01001C55CE /* ImageURL.swift in Sources */ = {isa = PBXBuildFile; fileRef = EE3FA4982817EF01001C55CE /* ImageURL.swift */; };
		EE3FA49B2817F7DD001C55CE /* ViewWillAppear+Rx.swift in Sources */ = {isa = PBXBuildFile; fileRef = EE3FA49A2817F7DD001C55CE /* ViewWillAppear+Rx.swift */; };
		EE5E96962817B9EA00D78938 /* AppDelegate.swift in Sources */ = {isa = PBXBuildFile; fileRef = EE5E96952817B9EA00D78938 /* AppDelegate.swift */; };
		EE5E96982817B9EA00D78938 /* SceneDelegate.swift in Sources */ = {isa = PBXBuildFile; fileRef = EE5E96972817B9EA00D78938 /* SceneDelegate.swift */; };
		EE5E969D2817B9EA00D78938 /* Main.storyboard in Resources */ = {isa = PBXBuildFile; fileRef = EE5E969B2817B9EA00D78938 /* Main.storyboard */; };
		EE5E969F2817B9EB00D78938 /* Assets.xcassets in Resources */ = {isa = PBXBuildFile; fileRef = EE5E969E2817B9EB00D78938 /* Assets.xcassets */; };
		EE5E96A22817B9EB00D78938 /* LaunchScreen.storyboard in Resources */ = {isa = PBXBuildFile; fileRef = EE5E96A02817B9EB00D78938 /* LaunchScreen.storyboard */; };
		EE5E96AA2817BBD000D78938 /* MessageRoomViewController.swift in Sources */ = {isa = PBXBuildFile; fileRef = EE5E96A92817BBD000D78938 /* MessageRoomViewController.swift */; };
		EE71F9F1282CF65F00E07F0F /* ViewWillDisappear+Rx.swift in Sources */ = {isa = PBXBuildFile; fileRef = EE71F9F0282CF65F00E07F0F /* ViewWillDisappear+Rx.swift */; };
		EE72A6B0281A1F91008777D6 /* MessageService.swift in Sources */ = {isa = PBXBuildFile; fileRef = EE72A6AF281A1F91008777D6 /* MessageService.swift */; };
		EE72A6B2281A28E1008777D6 /* MessageRoomViewModelTests.swift in Sources */ = {isa = PBXBuildFile; fileRef = EE72A6B1281A28E1008777D6 /* MessageRoomViewModelTests.swift */; };
		EE72A6B4281A28F4008777D6 /* MessageRoomViewControllerTests.swift in Sources */ = {isa = PBXBuildFile; fileRef = EE72A6B3281A28F4008777D6 /* MessageRoomViewControllerTests.swift */; };
		EE72A6B6281A2903008777D6 /* MessageServiceTests.swift in Sources */ = {isa = PBXBuildFile; fileRef = EE72A6B5281A2903008777D6 /* MessageServiceTests.swift */; };
		EEB7CF8A2819103400D8FE72 /* MessageRoomViewModel.swift in Sources */ = {isa = PBXBuildFile; fileRef = EEB7CF892819103400D8FE72 /* MessageRoomViewModel.swift */; };
		EEE23504282B915700FBF546 /* Scene.swift in Sources */ = {isa = PBXBuildFile; fileRef = EEE23503282B915700FBF546 /* Scene.swift */; };
		EEE23506282B930D00FBF546 /* ViewModelBindableType.swift in Sources */ = {isa = PBXBuildFile; fileRef = EEE23505282B930D00FBF546 /* ViewModelBindableType.swift */; };
		EEE23508282B947400FBF546 /* SceneCoordinatorType.swift in Sources */ = {isa = PBXBuildFile; fileRef = EEE23507282B947400FBF546 /* SceneCoordinatorType.swift */; };
		EEE2350A282B95F300FBF546 /* SceneTransitionStyle.swift in Sources */ = {isa = PBXBuildFile; fileRef = EEE23509282B95F300FBF546 /* SceneTransitionStyle.swift */; };
		EEE2350C282B966E00FBF546 /* SceneTransitionError.swift in Sources */ = {isa = PBXBuildFile; fileRef = EEE2350B282B966E00FBF546 /* SceneTransitionError.swift */; };
		EEE2350E282B9D2200FBF546 /* CommonViewModel.swift in Sources */ = {isa = PBXBuildFile; fileRef = EEE2350D282B9D2200FBF546 /* CommonViewModel.swift */; };
		EEE23510282BA16200FBF546 /* SceneCoordinator.swift in Sources */ = {isa = PBXBuildFile; fileRef = EEE2350F282BA16200FBF546 /* SceneCoordinator.swift */; };
		EEE23514282C98D800FBF546 /* DetailImageViewController.swift in Sources */ = {isa = PBXBuildFile; fileRef = EEE23513282C98D800FBF546 /* DetailImageViewController.swift */; };
		EEE23516282C9C4700FBF546 /* DetailImageViewModel.swift in Sources */ = {isa = PBXBuildFile; fileRef = EEE23515282C9C4700FBF546 /* DetailImageViewModel.swift */; };
/* End PBXBuildFile section */

/* Begin PBXContainerItemProxy section */
		EE9E2BB32818FFE20088C138 /* PBXContainerItemProxy */ = {
			isa = PBXContainerItemProxy;
			containerPortal = EE5E968A2817B9EA00D78938 /* Project object */;
			proxyType = 1;
			remoteGlobalIDString = EE5E96912817B9EA00D78938;
			remoteInfo = RxMessage;
		};
/* End PBXContainerItemProxy section */

/* Begin PBXFileReference section */
		06B0280BAA9EF1724F252A7A /* Pods_RxMessageTests.framework */ = {isa = PBXFileReference; explicitFileType = wrapper.framework; includeInIndex = 0; path = Pods_RxMessageTests.framework; sourceTree = BUILT_PRODUCTS_DIR; };
		0BAD022ABF944BC00EDB65D2 /* Pods_RxMessage.framework */ = {isa = PBXFileReference; explicitFileType = wrapper.framework; includeInIndex = 0; path = Pods_RxMessage.framework; sourceTree = BUILT_PRODUCTS_DIR; };
		6FCE53EAE7C06D010F47E618 /* Pods-RxMessageTests.release.xcconfig */ = {isa = PBXFileReference; includeInIndex = 1; lastKnownFileType = text.xcconfig; name = "Pods-RxMessageTests.release.xcconfig"; path = "Target Support Files/Pods-RxMessageTests/Pods-RxMessageTests.release.xcconfig"; sourceTree = "<group>"; };
		8FE0735097E4168F5212CDA9 /* Pods-RxMessage.debug.xcconfig */ = {isa = PBXFileReference; includeInIndex = 1; lastKnownFileType = text.xcconfig; name = "Pods-RxMessage.debug.xcconfig"; path = "Target Support Files/Pods-RxMessage/Pods-RxMessage.debug.xcconfig"; sourceTree = "<group>"; };
		C17E6F52C5A1E7D06078894C /* Pods-RxMessageTests.debug.xcconfig */ = {isa = PBXFileReference; includeInIndex = 1; lastKnownFileType = text.xcconfig; name = "Pods-RxMessageTests.debug.xcconfig"; path = "Target Support Files/Pods-RxMessageTests/Pods-RxMessageTests.debug.xcconfig"; sourceTree = "<group>"; };
		CF62C0177112EE0952F853B2 /* Pods-RxMessage.release.xcconfig */ = {isa = PBXFileReference; includeInIndex = 1; lastKnownFileType = text.xcconfig; name = "Pods-RxMessage.release.xcconfig"; path = "Target Support Files/Pods-RxMessage/Pods-RxMessage.release.xcconfig"; sourceTree = "<group>"; };
		EE3FA4922817BF11001C55CE /* Message.swift */ = {isa = PBXFileReference; lastKnownFileType = sourcecode.swift; path = Message.swift; sourceTree = "<group>"; };
		EE3FA4942817CD1D001C55CE /* TextTableViewCell.swift */ = {isa = PBXFileReference; lastKnownFileType = sourcecode.swift; path = TextTableViewCell.swift; sourceTree = "<group>"; };
		EE3FA4962817D62E001C55CE /* ImageTableViewCell.swift */ = {isa = PBXFileReference; lastKnownFileType = sourcecode.swift; path = ImageTableViewCell.swift; sourceTree = "<group>"; };
		EE3FA4982817EF01001C55CE /* ImageURL.swift */ = {isa = PBXFileReference; lastKnownFileType = sourcecode.swift; path = ImageURL.swift; sourceTree = "<group>"; };
		EE3FA49A2817F7DD001C55CE /* ViewWillAppear+Rx.swift */ = {isa = PBXFileReference; lastKnownFileType = sourcecode.swift; path = "ViewWillAppear+Rx.swift"; sourceTree = "<group>"; };
		EE5E96922817B9EA00D78938 /* RxMessage.app */ = {isa = PBXFileReference; explicitFileType = wrapper.application; includeInIndex = 0; path = RxMessage.app; sourceTree = BUILT_PRODUCTS_DIR; };
		EE5E96952817B9EA00D78938 /* AppDelegate.swift */ = {isa = PBXFileReference; lastKnownFileType = sourcecode.swift; path = AppDelegate.swift; sourceTree = "<group>"; };
		EE5E96972817B9EA00D78938 /* SceneDelegate.swift */ = {isa = PBXFileReference; lastKnownFileType = sourcecode.swift; path = SceneDelegate.swift; sourceTree = "<group>"; };
		EE5E969C2817B9EA00D78938 /* Base */ = {isa = PBXFileReference; lastKnownFileType = file.storyboard; name = Base; path = Base.lproj/Main.storyboard; sourceTree = "<group>"; };
		EE5E969E2817B9EB00D78938 /* Assets.xcassets */ = {isa = PBXFileReference; lastKnownFileType = folder.assetcatalog; path = Assets.xcassets; sourceTree = "<group>"; };
		EE5E96A12817B9EB00D78938 /* Base */ = {isa = PBXFileReference; lastKnownFileType = file.storyboard; name = Base; path = Base.lproj/LaunchScreen.storyboard; sourceTree = "<group>"; };
		EE5E96A32817B9EB00D78938 /* Info.plist */ = {isa = PBXFileReference; lastKnownFileType = text.plist.xml; path = Info.plist; sourceTree = "<group>"; };
		EE5E96A92817BBD000D78938 /* MessageRoomViewController.swift */ = {isa = PBXFileReference; lastKnownFileType = sourcecode.swift; path = MessageRoomViewController.swift; sourceTree = "<group>"; };
		EE71F9F0282CF65F00E07F0F /* ViewWillDisappear+Rx.swift */ = {isa = PBXFileReference; lastKnownFileType = sourcecode.swift; path = "ViewWillDisappear+Rx.swift"; sourceTree = "<group>"; };
		EE72A6AF281A1F91008777D6 /* MessageService.swift */ = {isa = PBXFileReference; lastKnownFileType = sourcecode.swift; path = MessageService.swift; sourceTree = "<group>"; };
		EE72A6B1281A28E1008777D6 /* MessageRoomViewModelTests.swift */ = {isa = PBXFileReference; lastKnownFileType = sourcecode.swift; path = MessageRoomViewModelTests.swift; sourceTree = "<group>"; };
		EE72A6B3281A28F4008777D6 /* MessageRoomViewControllerTests.swift */ = {isa = PBXFileReference; lastKnownFileType = sourcecode.swift; path = MessageRoomViewControllerTests.swift; sourceTree = "<group>"; };
		EE72A6B5281A2903008777D6 /* MessageServiceTests.swift */ = {isa = PBXFileReference; lastKnownFileType = sourcecode.swift; path = MessageServiceTests.swift; sourceTree = "<group>"; };
		EE9E2BAF2818FFE20088C138 /* RxMessageTests.xctest */ = {isa = PBXFileReference; explicitFileType = wrapper.cfbundle; includeInIndex = 0; path = RxMessageTests.xctest; sourceTree = BUILT_PRODUCTS_DIR; };
		EEB7CF892819103400D8FE72 /* MessageRoomViewModel.swift */ = {isa = PBXFileReference; lastKnownFileType = sourcecode.swift; path = MessageRoomViewModel.swift; sourceTree = "<group>"; };
		EEE23503282B915700FBF546 /* Scene.swift */ = {isa = PBXFileReference; lastKnownFileType = sourcecode.swift; path = Scene.swift; sourceTree = "<group>"; };
		EEE23505282B930D00FBF546 /* ViewModelBindableType.swift */ = {isa = PBXFileReference; lastKnownFileType = sourcecode.swift; path = ViewModelBindableType.swift; sourceTree = "<group>"; };
		EEE23507282B947400FBF546 /* SceneCoordinatorType.swift */ = {isa = PBXFileReference; lastKnownFileType = sourcecode.swift; path = SceneCoordinatorType.swift; sourceTree = "<group>"; };
		EEE23509282B95F300FBF546 /* SceneTransitionStyle.swift */ = {isa = PBXFileReference; lastKnownFileType = sourcecode.swift; path = SceneTransitionStyle.swift; sourceTree = "<group>"; };
		EEE2350B282B966E00FBF546 /* SceneTransitionError.swift */ = {isa = PBXFileReference; lastKnownFileType = sourcecode.swift; path = SceneTransitionError.swift; sourceTree = "<group>"; };
		EEE2350D282B9D2200FBF546 /* CommonViewModel.swift */ = {isa = PBXFileReference; lastKnownFileType = sourcecode.swift; path = CommonViewModel.swift; sourceTree = "<group>"; };
		EEE2350F282BA16200FBF546 /* SceneCoordinator.swift */ = {isa = PBXFileReference; lastKnownFileType = sourcecode.swift; path = SceneCoordinator.swift; sourceTree = "<group>"; };
		EEE23513282C98D800FBF546 /* DetailImageViewController.swift */ = {isa = PBXFileReference; lastKnownFileType = sourcecode.swift; path = DetailImageViewController.swift; sourceTree = "<group>"; };
		EEE23515282C9C4700FBF546 /* DetailImageViewModel.swift */ = {isa = PBXFileReference; lastKnownFileType = sourcecode.swift; path = DetailImageViewModel.swift; sourceTree = "<group>"; };
/* End PBXFileReference section */

/* Begin PBXFrameworksBuildPhase section */
		EE5E968F2817B9EA00D78938 /* Frameworks */ = {
			isa = PBXFrameworksBuildPhase;
			buildActionMask = 2147483647;
			files = (
				CF4D6DC4846E67C8B279D7C2 /* Pods_RxMessage.framework in Frameworks */,
			);
			runOnlyForDeploymentPostprocessing = 0;
		};
		EE9E2BAC2818FFE20088C138 /* Frameworks */ = {
			isa = PBXFrameworksBuildPhase;
			buildActionMask = 2147483647;
			files = (
				C6FF06809FAD1A33070F71F1 /* Pods_RxMessageTests.framework in Frameworks */,
			);
			runOnlyForDeploymentPostprocessing = 0;
		};
/* End PBXFrameworksBuildPhase section */

/* Begin PBXGroup section */
		4A438807B2B5C74B56278CB6 /* Frameworks */ = {
			isa = PBXGroup;
			children = (
				0BAD022ABF944BC00EDB65D2 /* Pods_RxMessage.framework */,
				06B0280BAA9EF1724F252A7A /* Pods_RxMessageTests.framework */,
			);
			name = Frameworks;
			sourceTree = "<group>";
		};
		A7FFC6F33EB876AD08BF8BAC /* Pods */ = {
			isa = PBXGroup;
			children = (
				8FE0735097E4168F5212CDA9 /* Pods-RxMessage.debug.xcconfig */,
				CF62C0177112EE0952F853B2 /* Pods-RxMessage.release.xcconfig */,
				C17E6F52C5A1E7D06078894C /* Pods-RxMessageTests.debug.xcconfig */,
				6FCE53EAE7C06D010F47E618 /* Pods-RxMessageTests.release.xcconfig */,
			);
			path = Pods;
			sourceTree = "<group>";
		};
		EE3FA4912817BF07001C55CE /* Model */ = {
			isa = PBXGroup;
			children = (
				EE3FA4922817BF11001C55CE /* Message.swift */,
				EE3FA4982817EF01001C55CE /* ImageURL.swift */,
			);
			path = Model;
			sourceTree = "<group>";
		};
		EE5E96892817B9EA00D78938 = {
			isa = PBXGroup;
			children = (
				EE5E96942817B9EA00D78938 /* RxMessage */,
				EE9E2BB02818FFE20088C138 /* RxMessageTests */,
				EE5E96932817B9EA00D78938 /* Products */,
				A7FFC6F33EB876AD08BF8BAC /* Pods */,
				4A438807B2B5C74B56278CB6 /* Frameworks */,
			);
			sourceTree = "<group>";
		};
		EE5E96932817B9EA00D78938 /* Products */ = {
			isa = PBXGroup;
			children = (
				EE5E96922817B9EA00D78938 /* RxMessage.app */,
				EE9E2BAF2818FFE20088C138 /* RxMessageTests.xctest */,
			);
			name = Products;
			sourceTree = "<group>";
		};
		EE5E96942817B9EA00D78938 /* RxMessage */ = {
			isa = PBXGroup;
			children = (
				EEE23502282B913E00FBF546 /* SceneCoordinator */,
				EEE23501282B90B600FBF546 /* Extension */,
				EEE23500282B90A700FBF546 /* Service */,
				EEE234FF282B909600FBF546 /* View */,
				EEE234FE282B908A00FBF546 /* ViewController */,
				EEE234FD282B907F00FBF546 /* ViewModel */,
				EE3FA4912817BF07001C55CE /* Model */,
				EE5E96952817B9EA00D78938 /* AppDelegate.swift */,
				EE5E96972817B9EA00D78938 /* SceneDelegate.swift */,
				EE5E969B2817B9EA00D78938 /* Main.storyboard */,
				EE5E96A02817B9EB00D78938 /* LaunchScreen.storyboard */,
				EE5E969E2817B9EB00D78938 /* Assets.xcassets */,
				EE5E96A32817B9EB00D78938 /* Info.plist */,
			);
			path = RxMessage;
			sourceTree = "<group>";
		};
		EE9E2BB02818FFE20088C138 /* RxMessageTests */ = {
			isa = PBXGroup;
			children = (
				EE72A6B1281A28E1008777D6 /* MessageRoomViewModelTests.swift */,
				EE72A6B3281A28F4008777D6 /* MessageRoomViewControllerTests.swift */,
				EE72A6B5281A2903008777D6 /* MessageServiceTests.swift */,
			);
			path = RxMessageTests;
			sourceTree = "<group>";
		};
		EEE234FD282B907F00FBF546 /* ViewModel */ = {
			isa = PBXGroup;
			children = (
				EEE2350D282B9D2200FBF546 /* CommonViewModel.swift */,
				EEB7CF892819103400D8FE72 /* MessageRoomViewModel.swift */,
				EEE23515282C9C4700FBF546 /* DetailImageViewModel.swift */,
			);
			path = ViewModel;
			sourceTree = "<group>";
		};
		EEE234FE282B908A00FBF546 /* ViewController */ = {
			isa = PBXGroup;
			children = (
				EEE23505282B930D00FBF546 /* ViewModelBindableType.swift */,
				EE5E96A92817BBD000D78938 /* MessageRoomViewController.swift */,
				EEE23513282C98D800FBF546 /* DetailImageViewController.swift */,
			);
			path = ViewController;
			sourceTree = "<group>";
		};
		EEE234FF282B909600FBF546 /* View */ = {
			isa = PBXGroup;
			children = (
				EE3FA4942817CD1D001C55CE /* TextTableViewCell.swift */,
				EE3FA4962817D62E001C55CE /* ImageTableViewCell.swift */,
			);
			path = View;
			sourceTree = "<group>";
		};
		EEE23500282B90A700FBF546 /* Service */ = {
			isa = PBXGroup;
			children = (
				EE72A6AF281A1F91008777D6 /* MessageService.swift */,
			);
			path = Service;
			sourceTree = "<group>";
		};
		EEE23501282B90B600FBF546 /* Extension */ = {
			isa = PBXGroup;
			children = (
				EE3FA49A2817F7DD001C55CE /* ViewWillAppear+Rx.swift */,
				EE71F9F0282CF65F00E07F0F /* ViewWillDisappear+Rx.swift */,
			);
			path = Extension;
			sourceTree = "<group>";
		};
		EEE23502282B913E00FBF546 /* SceneCoordinator */ = {
			isa = PBXGroup;
			children = (
				EEE23507282B947400FBF546 /* SceneCoordinatorType.swift */,
				EEE23503282B915700FBF546 /* Scene.swift */,
				EEE23509282B95F300FBF546 /* SceneTransitionStyle.swift */,
				EEE2350B282B966E00FBF546 /* SceneTransitionError.swift */,
				EEE2350F282BA16200FBF546 /* SceneCoordinator.swift */,
			);
			path = SceneCoordinator;
			sourceTree = "<group>";
		};
/* End PBXGroup section */

/* Begin PBXNativeTarget section */
		EE5E96912817B9EA00D78938 /* RxMessage */ = {
			isa = PBXNativeTarget;
			buildConfigurationList = EE5E96A62817B9EB00D78938 /* Build configuration list for PBXNativeTarget "RxMessage" */;
			buildPhases = (
				CB3C1C3FBF8A70439F1A4B3A /* [CP] Check Pods Manifest.lock */,
				EE5E968E2817B9EA00D78938 /* Sources */,
				EE5E968F2817B9EA00D78938 /* Frameworks */,
				EE5E96902817B9EA00D78938 /* Resources */,
				57766534EAD123CD3C85207F /* [CP] Embed Pods Frameworks */,
			);
			buildRules = (
			);
			dependencies = (
			);
			name = RxMessage;
			productName = RxMessage;
			productReference = EE5E96922817B9EA00D78938 /* RxMessage.app */;
			productType = "com.apple.product-type.application";
		};
		EE9E2BAE2818FFE20088C138 /* RxMessageTests */ = {
			isa = PBXNativeTarget;
			buildConfigurationList = EE9E2BB72818FFE20088C138 /* Build configuration list for PBXNativeTarget "RxMessageTests" */;
			buildPhases = (
				D05BD984008A281A32C6305B /* [CP] Check Pods Manifest.lock */,
				EE9E2BAB2818FFE20088C138 /* Sources */,
				EE9E2BAC2818FFE20088C138 /* Frameworks */,
				EE9E2BAD2818FFE20088C138 /* Resources */,
				3EBF3AF192AE47BAD4DC622A /* [CP] Embed Pods Frameworks */,
			);
			buildRules = (
			);
			dependencies = (
				EE9E2BB42818FFE20088C138 /* PBXTargetDependency */,
			);
			name = RxMessageTests;
			productName = RxMessageTests;
			productReference = EE9E2BAF2818FFE20088C138 /* RxMessageTests.xctest */;
			productType = "com.apple.product-type.bundle.unit-test";
		};
/* End PBXNativeTarget section */

/* Begin PBXProject section */
		EE5E968A2817B9EA00D78938 /* Project object */ = {
			isa = PBXProject;
			attributes = {
				BuildIndependentTargetsInParallel = 1;
				LastSwiftUpdateCheck = 1330;
				LastUpgradeCheck = 1330;
				TargetAttributes = {
					EE5E96912817B9EA00D78938 = {
						CreatedOnToolsVersion = 13.3;
					};
					EE9E2BAE2818FFE20088C138 = {
						CreatedOnToolsVersion = 13.3;
						TestTargetID = EE5E96912817B9EA00D78938;
					};
				};
			};
			buildConfigurationList = EE5E968D2817B9EA00D78938 /* Build configuration list for PBXProject "RxMessage" */;
			compatibilityVersion = "Xcode 13.0";
			developmentRegion = en;
			hasScannedForEncodings = 0;
			knownRegions = (
				en,
				Base,
			);
			mainGroup = EE5E96892817B9EA00D78938;
			productRefGroup = EE5E96932817B9EA00D78938 /* Products */;
			projectDirPath = "";
			projectRoot = "";
			targets = (
				EE5E96912817B9EA00D78938 /* RxMessage */,
				EE9E2BAE2818FFE20088C138 /* RxMessageTests */,
			);
		};
/* End PBXProject section */

/* Begin PBXResourcesBuildPhase section */
		EE5E96902817B9EA00D78938 /* Resources */ = {
			isa = PBXResourcesBuildPhase;
			buildActionMask = 2147483647;
			files = (
				EE5E96A22817B9EB00D78938 /* LaunchScreen.storyboard in Resources */,
				EE5E969F2817B9EB00D78938 /* Assets.xcassets in Resources */,
				EE5E969D2817B9EA00D78938 /* Main.storyboard in Resources */,
			);
			runOnlyForDeploymentPostprocessing = 0;
		};
		EE9E2BAD2818FFE20088C138 /* Resources */ = {
			isa = PBXResourcesBuildPhase;
			buildActionMask = 2147483647;
			files = (
			);
			runOnlyForDeploymentPostprocessing = 0;
		};
/* End PBXResourcesBuildPhase section */

/* Begin PBXShellScriptBuildPhase section */
		3EBF3AF192AE47BAD4DC622A /* [CP] Embed Pods Frameworks */ = {
			isa = PBXShellScriptBuildPhase;
			buildActionMask = 2147483647;
			files = (
			);
			inputFileListPaths = (
				"${PODS_ROOT}/Target Support Files/Pods-RxMessageTests/Pods-RxMessageTests-frameworks-${CONFIGURATION}-input-files.xcfilelist",
			);
			name = "[CP] Embed Pods Frameworks";
			outputFileListPaths = (
				"${PODS_ROOT}/Target Support Files/Pods-RxMessageTests/Pods-RxMessageTests-frameworks-${CONFIGURATION}-output-files.xcfilelist",
			);
			runOnlyForDeploymentPostprocessing = 0;
			shellPath = /bin/sh;
			shellScript = "\"${PODS_ROOT}/Target Support Files/Pods-RxMessageTests/Pods-RxMessageTests-frameworks.sh\"\n";
			showEnvVarsInLog = 0;
		};
		57766534EAD123CD3C85207F /* [CP] Embed Pods Frameworks */ = {
			isa = PBXShellScriptBuildPhase;
			buildActionMask = 2147483647;
			files = (
			);
			inputFileListPaths = (
				"${PODS_ROOT}/Target Support Files/Pods-RxMessage/Pods-RxMessage-frameworks-${CONFIGURATION}-input-files.xcfilelist",
			);
			name = "[CP] Embed Pods Frameworks";
			outputFileListPaths = (
				"${PODS_ROOT}/Target Support Files/Pods-RxMessage/Pods-RxMessage-frameworks-${CONFIGURATION}-output-files.xcfilelist",
			);
			runOnlyForDeploymentPostprocessing = 0;
			shellPath = /bin/sh;
			shellScript = "\"${PODS_ROOT}/Target Support Files/Pods-RxMessage/Pods-RxMessage-frameworks.sh\"\n";
			showEnvVarsInLog = 0;
		};
		CB3C1C3FBF8A70439F1A4B3A /* [CP] Check Pods Manifest.lock */ = {
			isa = PBXShellScriptBuildPhase;
			buildActionMask = 2147483647;
			files = (
			);
			inputFileListPaths = (
			);
			inputPaths = (
				"${PODS_PODFILE_DIR_PATH}/Podfile.lock",
				"${PODS_ROOT}/Manifest.lock",
			);
			name = "[CP] Check Pods Manifest.lock";
			outputFileListPaths = (
			);
			outputPaths = (
				"$(DERIVED_FILE_DIR)/Pods-RxMessage-checkManifestLockResult.txt",
			);
			runOnlyForDeploymentPostprocessing = 0;
			shellPath = /bin/sh;
			shellScript = "diff \"${PODS_PODFILE_DIR_PATH}/Podfile.lock\" \"${PODS_ROOT}/Manifest.lock\" > /dev/null\nif [ $? != 0 ] ; then\n    # print error to STDERR\n    echo \"error: The sandbox is not in sync with the Podfile.lock. Run 'pod install' or update your CocoaPods installation.\" >&2\n    exit 1\nfi\n# This output is used by Xcode 'outputs' to avoid re-running this script phase.\necho \"SUCCESS\" > \"${SCRIPT_OUTPUT_FILE_0}\"\n";
			showEnvVarsInLog = 0;
		};
		D05BD984008A281A32C6305B /* [CP] Check Pods Manifest.lock */ = {
			isa = PBXShellScriptBuildPhase;
			buildActionMask = 2147483647;
			files = (
			);
			inputFileListPaths = (
			);
			inputPaths = (
				"${PODS_PODFILE_DIR_PATH}/Podfile.lock",
				"${PODS_ROOT}/Manifest.lock",
			);
			name = "[CP] Check Pods Manifest.lock";
			outputFileListPaths = (
			);
			outputPaths = (
				"$(DERIVED_FILE_DIR)/Pods-RxMessageTests-checkManifestLockResult.txt",
			);
			runOnlyForDeploymentPostprocessing = 0;
			shellPath = /bin/sh;
			shellScript = "diff \"${PODS_PODFILE_DIR_PATH}/Podfile.lock\" \"${PODS_ROOT}/Manifest.lock\" > /dev/null\nif [ $? != 0 ] ; then\n    # print error to STDERR\n    echo \"error: The sandbox is not in sync with the Podfile.lock. Run 'pod install' or update your CocoaPods installation.\" >&2\n    exit 1\nfi\n# This output is used by Xcode 'outputs' to avoid re-running this script phase.\necho \"SUCCESS\" > \"${SCRIPT_OUTPUT_FILE_0}\"\n";
			showEnvVarsInLog = 0;
		};
/* End PBXShellScriptBuildPhase section */

/* Begin PBXSourcesBuildPhase section */
		EE5E968E2817B9EA00D78938 /* Sources */ = {
			isa = PBXSourcesBuildPhase;
			buildActionMask = 2147483647;
			files = (
				EE3FA4992817EF01001C55CE /* ImageURL.swift in Sources */,
				EE3FA4972817D62E001C55CE /* ImageTableViewCell.swift in Sources */,
				EEE23510282BA16200FBF546 /* SceneCoordinator.swift in Sources */,
				EEE2350C282B966E00FBF546 /* SceneTransitionError.swift in Sources */,
				EE3FA4952817CD1D001C55CE /* TextTableViewCell.swift in Sources */,
				EE3FA49B2817F7DD001C55CE /* ViewWillAppear+Rx.swift in Sources */,
				EEE2350E282B9D2200FBF546 /* CommonViewModel.swift in Sources */,
				EEE23514282C98D800FBF546 /* DetailImageViewController.swift in Sources */,
				EEE2350A282B95F300FBF546 /* SceneTransitionStyle.swift in Sources */,
				EEE23506282B930D00FBF546 /* ViewModelBindableType.swift in Sources */,
				EE5E96962817B9EA00D78938 /* AppDelegate.swift in Sources */,
				EEE23516282C9C4700FBF546 /* DetailImageViewModel.swift in Sources */,
				EE72A6B0281A1F91008777D6 /* MessageService.swift in Sources */,
				EEB7CF8A2819103400D8FE72 /* MessageRoomViewModel.swift in Sources */,
				EE3FA4932817BF11001C55CE /* Message.swift in Sources */,
				EE5E96982817B9EA00D78938 /* SceneDelegate.swift in Sources */,
				EE5E96AA2817BBD000D78938 /* MessageRoomViewController.swift in Sources */,
				EEE23508282B947400FBF546 /* SceneCoordinatorType.swift in Sources */,
				EE71F9F1282CF65F00E07F0F /* ViewWillDisappear+Rx.swift in Sources */,
				EEE23504282B915700FBF546 /* Scene.swift in Sources */,
			);
			runOnlyForDeploymentPostprocessing = 0;
		};
		EE9E2BAB2818FFE20088C138 /* Sources */ = {
			isa = PBXSourcesBuildPhase;
			buildActionMask = 2147483647;
			files = (
				EE72A6B6281A2903008777D6 /* MessageServiceTests.swift in Sources */,
				EE72A6B4281A28F4008777D6 /* MessageRoomViewControllerTests.swift in Sources */,
				EE72A6B2281A28E1008777D6 /* MessageRoomViewModelTests.swift in Sources */,
			);
			runOnlyForDeploymentPostprocessing = 0;
		};
/* End PBXSourcesBuildPhase section */

/* Begin PBXTargetDependency section */
		EE9E2BB42818FFE20088C138 /* PBXTargetDependency */ = {
			isa = PBXTargetDependency;
			target = EE5E96912817B9EA00D78938 /* RxMessage */;
			targetProxy = EE9E2BB32818FFE20088C138 /* PBXContainerItemProxy */;
		};
/* End PBXTargetDependency section */

/* Begin PBXVariantGroup section */
		EE5E969B2817B9EA00D78938 /* Main.storyboard */ = {
			isa = PBXVariantGroup;
			children = (
				EE5E969C2817B9EA00D78938 /* Base */,
			);
			name = Main.storyboard;
			sourceTree = "<group>";
		};
		EE5E96A02817B9EB00D78938 /* LaunchScreen.storyboard */ = {
			isa = PBXVariantGroup;
			children = (
				EE5E96A12817B9EB00D78938 /* Base */,
			);
			name = LaunchScreen.storyboard;
			sourceTree = "<group>";
		};
/* End PBXVariantGroup section */

/* Begin XCBuildConfiguration section */
		EE5E96A42817B9EB00D78938 /* Debug */ = {
			isa = XCBuildConfiguration;
			buildSettings = {
				ALWAYS_SEARCH_USER_PATHS = NO;
				CLANG_ANALYZER_NONNULL = YES;
				CLANG_ANALYZER_NUMBER_OBJECT_CONVERSION = YES_AGGRESSIVE;
				CLANG_CXX_LANGUAGE_STANDARD = "gnu++17";
				CLANG_ENABLE_MODULES = YES;
				CLANG_ENABLE_OBJC_ARC = YES;
				CLANG_ENABLE_OBJC_WEAK = YES;
				CLANG_WARN_BLOCK_CAPTURE_AUTORELEASING = YES;
				CLANG_WARN_BOOL_CONVERSION = YES;
				CLANG_WARN_COMMA = YES;
				CLANG_WARN_CONSTANT_CONVERSION = YES;
				CLANG_WARN_DEPRECATED_OBJC_IMPLEMENTATIONS = YES;
				CLANG_WARN_DIRECT_OBJC_ISA_USAGE = YES_ERROR;
				CLANG_WARN_DOCUMENTATION_COMMENTS = YES;
				CLANG_WARN_EMPTY_BODY = YES;
				CLANG_WARN_ENUM_CONVERSION = YES;
				CLANG_WARN_INFINITE_RECURSION = YES;
				CLANG_WARN_INT_CONVERSION = YES;
				CLANG_WARN_NON_LITERAL_NULL_CONVERSION = YES;
				CLANG_WARN_OBJC_IMPLICIT_RETAIN_SELF = YES;
				CLANG_WARN_OBJC_LITERAL_CONVERSION = YES;
				CLANG_WARN_OBJC_ROOT_CLASS = YES_ERROR;
				CLANG_WARN_QUOTED_INCLUDE_IN_FRAMEWORK_HEADER = YES;
				CLANG_WARN_RANGE_LOOP_ANALYSIS = YES;
				CLANG_WARN_STRICT_PROTOTYPES = YES;
				CLANG_WARN_SUSPICIOUS_MOVE = YES;
				CLANG_WARN_UNGUARDED_AVAILABILITY = YES_AGGRESSIVE;
				CLANG_WARN_UNREACHABLE_CODE = YES;
				CLANG_WARN__DUPLICATE_METHOD_MATCH = YES;
				COPY_PHASE_STRIP = NO;
				DEBUG_INFORMATION_FORMAT = dwarf;
				ENABLE_STRICT_OBJC_MSGSEND = YES;
				ENABLE_TESTABILITY = YES;
				GCC_C_LANGUAGE_STANDARD = gnu11;
				GCC_DYNAMIC_NO_PIC = NO;
				GCC_NO_COMMON_BLOCKS = YES;
				GCC_OPTIMIZATION_LEVEL = 0;
				GCC_PREPROCESSOR_DEFINITIONS = (
					"DEBUG=1",
					"$(inherited)",
				);
				GCC_WARN_64_TO_32_BIT_CONVERSION = YES;
				GCC_WARN_ABOUT_RETURN_TYPE = YES_ERROR;
				GCC_WARN_UNDECLARED_SELECTOR = YES;
				GCC_WARN_UNINITIALIZED_AUTOS = YES_AGGRESSIVE;
				GCC_WARN_UNUSED_FUNCTION = YES;
				GCC_WARN_UNUSED_VARIABLE = YES;
				IPHONEOS_DEPLOYMENT_TARGET = 15.4;
				MTL_ENABLE_DEBUG_INFO = INCLUDE_SOURCE;
				MTL_FAST_MATH = YES;
				ONLY_ACTIVE_ARCH = YES;
				SDKROOT = iphoneos;
				SWIFT_ACTIVE_COMPILATION_CONDITIONS = DEBUG;
				SWIFT_OPTIMIZATION_LEVEL = "-Onone";
			};
			name = Debug;
		};
		EE5E96A52817B9EB00D78938 /* Release */ = {
			isa = XCBuildConfiguration;
			buildSettings = {
				ALWAYS_SEARCH_USER_PATHS = NO;
				CLANG_ANALYZER_NONNULL = YES;
				CLANG_ANALYZER_NUMBER_OBJECT_CONVERSION = YES_AGGRESSIVE;
				CLANG_CXX_LANGUAGE_STANDARD = "gnu++17";
				CLANG_ENABLE_MODULES = YES;
				CLANG_ENABLE_OBJC_ARC = YES;
				CLANG_ENABLE_OBJC_WEAK = YES;
				CLANG_WARN_BLOCK_CAPTURE_AUTORELEASING = YES;
				CLANG_WARN_BOOL_CONVERSION = YES;
				CLANG_WARN_COMMA = YES;
				CLANG_WARN_CONSTANT_CONVERSION = YES;
				CLANG_WARN_DEPRECATED_OBJC_IMPLEMENTATIONS = YES;
				CLANG_WARN_DIRECT_OBJC_ISA_USAGE = YES_ERROR;
				CLANG_WARN_DOCUMENTATION_COMMENTS = YES;
				CLANG_WARN_EMPTY_BODY = YES;
				CLANG_WARN_ENUM_CONVERSION = YES;
				CLANG_WARN_INFINITE_RECURSION = YES;
				CLANG_WARN_INT_CONVERSION = YES;
				CLANG_WARN_NON_LITERAL_NULL_CONVERSION = YES;
				CLANG_WARN_OBJC_IMPLICIT_RETAIN_SELF = YES;
				CLANG_WARN_OBJC_LITERAL_CONVERSION = YES;
				CLANG_WARN_OBJC_ROOT_CLASS = YES_ERROR;
				CLANG_WARN_QUOTED_INCLUDE_IN_FRAMEWORK_HEADER = YES;
				CLANG_WARN_RANGE_LOOP_ANALYSIS = YES;
				CLANG_WARN_STRICT_PROTOTYPES = YES;
				CLANG_WARN_SUSPICIOUS_MOVE = YES;
				CLANG_WARN_UNGUARDED_AVAILABILITY = YES_AGGRESSIVE;
				CLANG_WARN_UNREACHABLE_CODE = YES;
				CLANG_WARN__DUPLICATE_METHOD_MATCH = YES;
				COPY_PHASE_STRIP = NO;
				DEBUG_INFORMATION_FORMAT = "dwarf-with-dsym";
				ENABLE_NS_ASSERTIONS = NO;
				ENABLE_STRICT_OBJC_MSGSEND = YES;
				GCC_C_LANGUAGE_STANDARD = gnu11;
				GCC_NO_COMMON_BLOCKS = YES;
				GCC_WARN_64_TO_32_BIT_CONVERSION = YES;
				GCC_WARN_ABOUT_RETURN_TYPE = YES_ERROR;
				GCC_WARN_UNDECLARED_SELECTOR = YES;
				GCC_WARN_UNINITIALIZED_AUTOS = YES_AGGRESSIVE;
				GCC_WARN_UNUSED_FUNCTION = YES;
				GCC_WARN_UNUSED_VARIABLE = YES;
				IPHONEOS_DEPLOYMENT_TARGET = 15.4;
				MTL_ENABLE_DEBUG_INFO = NO;
				MTL_FAST_MATH = YES;
				SDKROOT = iphoneos;
				SWIFT_COMPILATION_MODE = wholemodule;
				SWIFT_OPTIMIZATION_LEVEL = "-O";
				VALIDATE_PRODUCT = YES;
			};
			name = Release;
		};
		EE5E96A72817B9EB00D78938 /* Debug */ = {
			isa = XCBuildConfiguration;
			baseConfigurationReference = 8FE0735097E4168F5212CDA9 /* Pods-RxMessage.debug.xcconfig */;
			buildSettings = {
				ASSETCATALOG_COMPILER_APPICON_NAME = AppIcon;
				ASSETCATALOG_COMPILER_GLOBAL_ACCENT_COLOR_NAME = AccentColor;
				CODE_SIGN_STYLE = Automatic;
				CURRENT_PROJECT_VERSION = 1;
				DEVELOPMENT_TEAM = G5RH9MF273;
				GENERATE_INFOPLIST_FILE = YES;
				INFOPLIST_FILE = RxMessage/Info.plist;
				INFOPLIST_KEY_UIApplicationSupportsIndirectInputEvents = YES;
				INFOPLIST_KEY_UILaunchStoryboardName = LaunchScreen;
				INFOPLIST_KEY_UIMainStoryboardFile = Main;
				INFOPLIST_KEY_UISupportedInterfaceOrientations_iPad = "UIInterfaceOrientationPortrait UIInterfaceOrientationPortraitUpsideDown UIInterfaceOrientationLandscapeLeft UIInterfaceOrientationLandscapeRight";
				INFOPLIST_KEY_UISupportedInterfaceOrientations_iPhone = "UIInterfaceOrientationPortrait UIInterfaceOrientationLandscapeLeft UIInterfaceOrientationLandscapeRight";
				LD_RUNPATH_SEARCH_PATHS = (
					"$(inherited)",
					"@executable_path/Frameworks",
				);
				MARKETING_VERSION = 1.0;
				PRODUCT_BUNDLE_IDENTIFIER = kr.co.beepeach.RxMessage;
				PRODUCT_NAME = "$(TARGET_NAME)";
				SWIFT_EMIT_LOC_STRINGS = YES;
				SWIFT_VERSION = 5.0;
				TARGETED_DEVICE_FAMILY = "1,2";
			};
			name = Debug;
		};
		EE5E96A82817B9EB00D78938 /* Release */ = {
			isa = XCBuildConfiguration;
			baseConfigurationReference = CF62C0177112EE0952F853B2 /* Pods-RxMessage.release.xcconfig */;
			buildSettings = {
				ASSETCATALOG_COMPILER_APPICON_NAME = AppIcon;
				ASSETCATALOG_COMPILER_GLOBAL_ACCENT_COLOR_NAME = AccentColor;
				CODE_SIGN_STYLE = Automatic;
				CURRENT_PROJECT_VERSION = 1;
				DEVELOPMENT_TEAM = G5RH9MF273;
				GENERATE_INFOPLIST_FILE = YES;
				INFOPLIST_FILE = RxMessage/Info.plist;
				INFOPLIST_KEY_UIApplicationSupportsIndirectInputEvents = YES;
				INFOPLIST_KEY_UILaunchStoryboardName = LaunchScreen;
				INFOPLIST_KEY_UIMainStoryboardFile = Main;
				INFOPLIST_KEY_UISupportedInterfaceOrientations_iPad = "UIInterfaceOrientationPortrait UIInterfaceOrientationPortraitUpsideDown UIInterfaceOrientationLandscapeLeft UIInterfaceOrientationLandscapeRight";
				INFOPLIST_KEY_UISupportedInterfaceOrientations_iPhone = "UIInterfaceOrientationPortrait UIInterfaceOrientationLandscapeLeft UIInterfaceOrientationLandscapeRight";
				LD_RUNPATH_SEARCH_PATHS = (
					"$(inherited)",
					"@executable_path/Frameworks",
				);
				MARKETING_VERSION = 1.0;
				PRODUCT_BUNDLE_IDENTIFIER = kr.co.beepeach.RxMessage;
				PRODUCT_NAME = "$(TARGET_NAME)";
				SWIFT_EMIT_LOC_STRINGS = YES;
				SWIFT_VERSION = 5.0;
				TARGETED_DEVICE_FAMILY = "1,2";
			};
			name = Release;
		};
		EE9E2BB52818FFE20088C138 /* Debug */ = {
			isa = XCBuildConfiguration;
			baseConfigurationReference = C17E6F52C5A1E7D06078894C /* Pods-RxMessageTests.debug.xcconfig */;
			buildSettings = {
				BUNDLE_LOADER = "$(TEST_HOST)";
				CODE_SIGN_STYLE = Automatic;
				CURRENT_PROJECT_VERSION = 1;
				DEVELOPMENT_TEAM = G5RH9MF273;
				GENERATE_INFOPLIST_FILE = YES;
				MARKETING_VERSION = 1.0;
				PRODUCT_BUNDLE_IDENTIFIER = kr.co.beepeach.RxMessageTests;
				PRODUCT_NAME = "$(TARGET_NAME)";
				SWIFT_EMIT_LOC_STRINGS = NO;
				SWIFT_VERSION = 5.0;
				TARGETED_DEVICE_FAMILY = "1,2";
				TEST_HOST = "$(BUILT_PRODUCTS_DIR)/RxMessage.app/RxMessage";
			};
			name = Debug;
		};
		EE9E2BB62818FFE20088C138 /* Release */ = {
			isa = XCBuildConfiguration;
			baseConfigurationReference = 6FCE53EAE7C06D010F47E618 /* Pods-RxMessageTests.release.xcconfig */;
			buildSettings = {
				BUNDLE_LOADER = "$(TEST_HOST)";
				CODE_SIGN_STYLE = Automatic;
				CURRENT_PROJECT_VERSION = 1;
				DEVELOPMENT_TEAM = G5RH9MF273;
				GENERATE_INFOPLIST_FILE = YES;
				MARKETING_VERSION = 1.0;
				PRODUCT_BUNDLE_IDENTIFIER = kr.co.beepeach.RxMessageTests;
				PRODUCT_NAME = "$(TARGET_NAME)";
				SWIFT_EMIT_LOC_STRINGS = NO;
				SWIFT_VERSION = 5.0;
				TARGETED_DEVICE_FAMILY = "1,2";
				TEST_HOST = "$(BUILT_PRODUCTS_DIR)/RxMessage.app/RxMessage";
			};
			name = Release;
		};
/* End XCBuildConfiguration section */

/* Begin XCConfigurationList section */
		EE5E968D2817B9EA00D78938 /* Build configuration list for PBXProject "RxMessage" */ = {
			isa = XCConfigurationList;
			buildConfigurations = (
				EE5E96A42817B9EB00D78938 /* Debug */,
				EE5E96A52817B9EB00D78938 /* Release */,
			);
			defaultConfigurationIsVisible = 0;
			defaultConfigurationName = Release;
		};
		EE5E96A62817B9EB00D78938 /* Build configuration list for PBXNativeTarget "RxMessage" */ = {
			isa = XCConfigurationList;
			buildConfigurations = (
				EE5E96A72817B9EB00D78938 /* Debug */,
				EE5E96A82817B9EB00D78938 /* Release */,
			);
			defaultConfigurationIsVisible = 0;
			defaultConfigurationName = Release;
		};
		EE9E2BB72818FFE20088C138 /* Build configuration list for PBXNativeTarget "RxMessageTests" */ = {
			isa = XCConfigurationList;
			buildConfigurations = (
				EE9E2BB52818FFE20088C138 /* Debug */,
				EE9E2BB62818FFE20088C138 /* Release */,
			);
			defaultConfigurationIsVisible = 0;
			defaultConfigurationName = Release;
		};
/* End XCConfigurationList section */
	};
	rootObject = EE5E968A2817B9EA00D78938 /* Project object */;
}
